// !$*UTF8*$!
{
	archiveVersion = 1;
	classes = {
	};
	objectVersion = 56;
	objects = {

/* Begin PBXBuildFile section */
		520681E32C68D568007ED7E7 /* MainTabBarAssembly.swift in Sources */ = {isa = PBXBuildFile; fileRef = 520681E22C68D568007ED7E7 /* MainTabBarAssembly.swift */; };
		520681E52C6B942F007ED7E7 /* UserModel.swift in Sources */ = {isa = PBXBuildFile; fileRef = 520681E42C6B942F007ED7E7 /* UserModel.swift */; };
		520681F52C6CA30C007ED7E7 /* TelegramNumberPresenter.swift in Sources */ = {isa = PBXBuildFile; fileRef = 520681F12C6CA30B007ED7E7 /* TelegramNumberPresenter.swift */; };
		520681F62C6CA30C007ED7E7 /* TelegramNumberRouter.swift in Sources */ = {isa = PBXBuildFile; fileRef = 520681F22C6CA30B007ED7E7 /* TelegramNumberRouter.swift */; };
		520681F72C6CA30C007ED7E7 /* TelegramNumberViewController.swift in Sources */ = {isa = PBXBuildFile; fileRef = 520681F32C6CA30B007ED7E7 /* TelegramNumberViewController.swift */; };
		520681F82C6CA30C007ED7E7 /* TelegramNumberAssembly.swift in Sources */ = {isa = PBXBuildFile; fileRef = 520681F42C6CA30B007ED7E7 /* TelegramNumberAssembly.swift */; };
		520681FE2C6CA786007ED7E7 /* TelegramCodePresenter.swift in Sources */ = {isa = PBXBuildFile; fileRef = 520681FA2C6CA786007ED7E7 /* TelegramCodePresenter.swift */; };
		520681FF2C6CA786007ED7E7 /* TelegramCodeRouter.swift in Sources */ = {isa = PBXBuildFile; fileRef = 520681FB2C6CA786007ED7E7 /* TelegramCodeRouter.swift */; };
		520682002C6CA786007ED7E7 /* TelegramCodeViewController.swift in Sources */ = {isa = PBXBuildFile; fileRef = 520681FC2C6CA786007ED7E7 /* TelegramCodeViewController.swift */; };
		520682012C6CA786007ED7E7 /* TelegramCodeAssembly.swift in Sources */ = {isa = PBXBuildFile; fileRef = 520681FD2C6CA786007ED7E7 /* TelegramCodeAssembly.swift */; };
		520682072C6CAA74007ED7E7 /* TelegramPasswordPresenter.swift in Sources */ = {isa = PBXBuildFile; fileRef = 520682032C6CAA74007ED7E7 /* TelegramPasswordPresenter.swift */; };
		520682082C6CAA74007ED7E7 /* TelegramPasswordRouter.swift in Sources */ = {isa = PBXBuildFile; fileRef = 520682042C6CAA74007ED7E7 /* TelegramPasswordRouter.swift */; };
		520682092C6CAA74007ED7E7 /* TelegramPasswordViewController.swift in Sources */ = {isa = PBXBuildFile; fileRef = 520682052C6CAA74007ED7E7 /* TelegramPasswordViewController.swift */; };
		5206820A2C6CAA74007ED7E7 /* TelegramPasswordAssembly.swift in Sources */ = {isa = PBXBuildFile; fileRef = 520682062C6CAA74007ED7E7 /* TelegramPasswordAssembly.swift */; };
		5206820C2C6E241A007ED7E7 /* TelegramAccountModel.swift in Sources */ = {isa = PBXBuildFile; fileRef = 5206820B2C6E2419007ED7E7 /* TelegramAccountModel.swift */; };
		520682122C6F4FFC007ED7E7 /* RepasswordPreviewPresenter.swift in Sources */ = {isa = PBXBuildFile; fileRef = 5206820E2C6F4FFC007ED7E7 /* RepasswordPreviewPresenter.swift */; };
		520682132C6F4FFC007ED7E7 /* RepasswordPreviewRouter.swift in Sources */ = {isa = PBXBuildFile; fileRef = 5206820F2C6F4FFC007ED7E7 /* RepasswordPreviewRouter.swift */; };
		520682142C6F4FFC007ED7E7 /* RepasswordPreviewViewController.swift in Sources */ = {isa = PBXBuildFile; fileRef = 520682102C6F4FFC007ED7E7 /* RepasswordPreviewViewController.swift */; };
		520682152C6F4FFC007ED7E7 /* RepasswordPreviewAssembly.swift in Sources */ = {isa = PBXBuildFile; fileRef = 520682112C6F4FFC007ED7E7 /* RepasswordPreviewAssembly.swift */; };
		5206821B2C6FFBB1007ED7E7 /* TelegramAccount+CoreData.swift in Sources */ = {isa = PBXBuildFile; fileRef = 5206821A2C6FFBB1007ED7E7 /* TelegramAccount+CoreData.swift */; };
		5240C3272C71EC3E00DF9330 /* UILeafScrollView.swift in Sources */ = {isa = PBXBuildFile; fileRef = 5240C3262C71EC3E00DF9330 /* UILeafScrollView.swift */; };
		5240C3292C71EC4D00DF9330 /* UILeafScrollViewCell.swift in Sources */ = {isa = PBXBuildFile; fileRef = 5240C3282C71EC4D00DF9330 /* UILeafScrollViewCell.swift */; };
		5240C32D2C71EF5300DF9330 /* MessagePreviewModel.swift in Sources */ = {isa = PBXBuildFile; fileRef = 5240C32C2C71EF5300DF9330 /* MessagePreviewModel.swift */; };
		529564F92C62A8F6007E3352 /* CashingRepository.swift in Sources */ = {isa = PBXBuildFile; fileRef = 529564F82C62A8F6007E3352 /* CashingRepository.swift */; };
		529BF93A2C4579C1009954D5 /* AppDelegate.swift in Sources */ = {isa = PBXBuildFile; fileRef = 529BF9392C4579C1009954D5 /* AppDelegate.swift */; };
		529BF93C2C4579C1009954D5 /* SceneDelegate.swift in Sources */ = {isa = PBXBuildFile; fileRef = 529BF93B2C4579C1009954D5 /* SceneDelegate.swift */; };
		529BF9432C4579C3009954D5 /* Assets.xcassets in Resources */ = {isa = PBXBuildFile; fileRef = 529BF9422C4579C3009954D5 /* Assets.xcassets */; };
		529BF9462C4579C3009954D5 /* Base in Resources */ = {isa = PBXBuildFile; fileRef = 529BF9452C4579C3009954D5 /* Base */; };
		529BF9542C458A3B009954D5 /* AppAssembly.swift in Sources */ = {isa = PBXBuildFile; fileRef = 529BF9532C458A3B009954D5 /* AppAssembly.swift */; };
		529BF9562C458A6B009954D5 /* AppCoordinator.swift in Sources */ = {isa = PBXBuildFile; fileRef = 529BF9552C458A6A009954D5 /* AppCoordinator.swift */; };
		529BF95E2C459D3C009954D5 /* LoginPresenter.swift in Sources */ = {isa = PBXBuildFile; fileRef = 529BF95A2C459D3C009954D5 /* LoginPresenter.swift */; };
		529BF95F2C459D3C009954D5 /* LoginRouter.swift in Sources */ = {isa = PBXBuildFile; fileRef = 529BF95B2C459D3C009954D5 /* LoginRouter.swift */; };
		529BF9602C459D3C009954D5 /* LoginViewController.swift in Sources */ = {isa = PBXBuildFile; fileRef = 529BF95C2C459D3C009954D5 /* LoginViewController.swift */; };
		529BF9612C459D3C009954D5 /* LoginAssembly.swift in Sources */ = {isa = PBXBuildFile; fileRef = 529BF95D2C459D3C009954D5 /* LoginAssembly.swift */; };
		529BF9752C46DBE2009954D5 /* KeychainManager.swift in Sources */ = {isa = PBXBuildFile; fileRef = 529BF9742C46DBE2009954D5 /* KeychainManager.swift */; };
		529BF9792C46EAEF009954D5 /* UserDefaultsManager.swift in Sources */ = {isa = PBXBuildFile; fileRef = 529BF9782C46EAEF009954D5 /* UserDefaultsManager.swift */; };
		529BF97B2C46F8C7009954D5 /* StringsValidationManager.swift in Sources */ = {isa = PBXBuildFile; fileRef = 529BF97A2C46F8C7009954D5 /* StringsValidationManager.swift */; };
		529BF9822C46F9E5009954D5 /* EmailPresenter.swift in Sources */ = {isa = PBXBuildFile; fileRef = 529BF97E2C46F9E5009954D5 /* EmailPresenter.swift */; };
		529BF9832C46F9E5009954D5 /* EmailRouter.swift in Sources */ = {isa = PBXBuildFile; fileRef = 529BF97F2C46F9E5009954D5 /* EmailRouter.swift */; };
		529BF9842C46F9E5009954D5 /* EmailViewController.swift in Sources */ = {isa = PBXBuildFile; fileRef = 529BF9802C46F9E5009954D5 /* EmailViewController.swift */; };
		529BF9852C46F9E5009954D5 /* EmailAssembly.swift in Sources */ = {isa = PBXBuildFile; fileRef = 529BF9812C46F9E5009954D5 /* EmailAssembly.swift */; };
		529BF98B2C46FA0B009954D5 /* PasswordPresenter.swift in Sources */ = {isa = PBXBuildFile; fileRef = 529BF9872C46FA0B009954D5 /* PasswordPresenter.swift */; };
		529BF98C2C46FA0B009954D5 /* PasswordRouter.swift in Sources */ = {isa = PBXBuildFile; fileRef = 529BF9882C46FA0B009954D5 /* PasswordRouter.swift */; };
		529BF98D2C46FA0B009954D5 /* PasswordViewController.swift in Sources */ = {isa = PBXBuildFile; fileRef = 529BF9892C46FA0B009954D5 /* PasswordViewController.swift */; };
		529BF98E2C46FA0B009954D5 /* PasswordAssembly.swift in Sources */ = {isa = PBXBuildFile; fileRef = 529BF98A2C46FA0B009954D5 /* PasswordAssembly.swift */; };
		529BF9982C478677009954D5 /* EmailRecPresenter.swift in Sources */ = {isa = PBXBuildFile; fileRef = 529BF9942C478677009954D5 /* EmailRecPresenter.swift */; };
		529BF9992C478677009954D5 /* EmailRecRouter.swift in Sources */ = {isa = PBXBuildFile; fileRef = 529BF9952C478677009954D5 /* EmailRecRouter.swift */; };
		529BF99A2C478677009954D5 /* EmailRecViewController.swift in Sources */ = {isa = PBXBuildFile; fileRef = 529BF9962C478677009954D5 /* EmailRecViewController.swift */; };
		529BF99B2C478677009954D5 /* EmailRecAssembly.swift in Sources */ = {isa = PBXBuildFile; fileRef = 529BF9972C478677009954D5 /* EmailRecAssembly.swift */; };
		529BF9A52C479725009954D5 /* MainTabBarController.swift in Sources */ = {isa = PBXBuildFile; fileRef = 529BF9A42C479725009954D5 /* MainTabBarController.swift */; };
		529BF9B62C47BAD7009954D5 /* HomePresenter.swift in Sources */ = {isa = PBXBuildFile; fileRef = 529BF9B22C47BAD7009954D5 /* HomePresenter.swift */; };
		529BF9B72C47BAD7009954D5 /* HomeRouter.swift in Sources */ = {isa = PBXBuildFile; fileRef = 529BF9B32C47BAD7009954D5 /* HomeRouter.swift */; };
		529BF9B82C47BAD7009954D5 /* HomeViewController.swift in Sources */ = {isa = PBXBuildFile; fileRef = 529BF9B42C47BAD7009954D5 /* HomeViewController.swift */; };
		529BF9B92C47BAD7009954D5 /* HomeAssembly.swift in Sources */ = {isa = PBXBuildFile; fileRef = 529BF9B52C47BAD7009954D5 /* HomeAssembly.swift */; };
		529BF9D22C47BB5F009954D5 /* SettingsPresenter.swift in Sources */ = {isa = PBXBuildFile; fileRef = 529BF9CE2C47BB5F009954D5 /* SettingsPresenter.swift */; };
		529BF9D32C47BB5F009954D5 /* SettingsRouter.swift in Sources */ = {isa = PBXBuildFile; fileRef = 529BF9CF2C47BB5F009954D5 /* SettingsRouter.swift */; };
		529BF9D42C47BB5F009954D5 /* SettingsViewController.swift in Sources */ = {isa = PBXBuildFile; fileRef = 529BF9D02C47BB5F009954D5 /* SettingsViewController.swift */; };
		529BF9D52C47BB5F009954D5 /* SettingsAssembly.swift in Sources */ = {isa = PBXBuildFile; fileRef = 529BF9D12C47BB5F009954D5 /* SettingsAssembly.swift */; };
		52ABB7A92C502FD8004551B5 /* ConfirmRecPresenter.swift in Sources */ = {isa = PBXBuildFile; fileRef = 52ABB7A52C502FD8004551B5 /* ConfirmRecPresenter.swift */; };
		52ABB7AA2C502FD8004551B5 /* ConfirmRecRouter.swift in Sources */ = {isa = PBXBuildFile; fileRef = 52ABB7A62C502FD8004551B5 /* ConfirmRecRouter.swift */; };
		52ABB7AB2C502FD8004551B5 /* ConfirmRecViewController.swift in Sources */ = {isa = PBXBuildFile; fileRef = 52ABB7A72C502FD8004551B5 /* ConfirmRecViewController.swift */; };
		52ABB7AC2C502FD8004551B5 /* ConfirmRecAssembly.swift in Sources */ = {isa = PBXBuildFile; fileRef = 52ABB7A82C502FD8004551B5 /* ConfirmRecAssembly.swift */; };
		52ABB7B12C502FE9004551B5 /* NewPasswordRecPresenter.swift in Sources */ = {isa = PBXBuildFile; fileRef = 52ABB7AD2C502FE9004551B5 /* NewPasswordRecPresenter.swift */; };
		52ABB7B22C502FE9004551B5 /* NewPasswordRecRouter.swift in Sources */ = {isa = PBXBuildFile; fileRef = 52ABB7AE2C502FE9004551B5 /* NewPasswordRecRouter.swift */; };
		52ABB7B32C502FE9004551B5 /* NewPasswordRecViewController.swift in Sources */ = {isa = PBXBuildFile; fileRef = 52ABB7AF2C502FE9004551B5 /* NewPasswordRecViewController.swift */; };
		52ABB7B42C502FE9004551B5 /* NewPasswordRecAssembly.swift in Sources */ = {isa = PBXBuildFile; fileRef = 52ABB7B02C502FE9004551B5 /* NewPasswordRecAssembly.swift */; };
		52ABB7F82C553878004551B5 /* AlertFabric.swift in Sources */ = {isa = PBXBuildFile; fileRef = 52ABB7F72C553878004551B5 /* AlertFabric.swift */; };
		52ABB7FA2C5642A3004551B5 /* ConfirmRouter.swift in Sources */ = {isa = PBXBuildFile; fileRef = 52ABB7F92C5642A3004551B5 /* ConfirmRouter.swift */; };
		52B3E81B2C61EB5F00CCCF26 /* CoreDataProtocol.swift in Sources */ = {isa = PBXBuildFile; fileRef = 52B3E81A2C61EB5F00CCCF26 /* CoreDataProtocol.swift */; };
		52CF74812C5BB20B00E0AA7D /* KeychainStubs.swift in Sources */ = {isa = PBXBuildFile; fileRef = 52CF74802C5BB20B00E0AA7D /* KeychainStubs.swift */; };
		52CF74832C5BB22F00E0AA7D /* KeychainProtocols.swift in Sources */ = {isa = PBXBuildFile; fileRef = 52CF74822C5BB22F00E0AA7D /* KeychainProtocols.swift */; };
		52FAB8C92C620AB5001C6697 /* CoreDataService.swift in Sources */ = {isa = PBXBuildFile; fileRef = 52FAB8C82C620AB5001C6697 /* CoreDataService.swift */; };
		52FAB8CF2C621524001C6697 /* iOSAppCoreData.xcdatamodeld in Sources */ = {isa = PBXBuildFile; fileRef = 52FAB8CD2C621524001C6697 /* iOSAppCoreData.xcdatamodeld */; };
		52FED2582C4D0E1700AAF16B /* ConfirmPresenter.swift in Sources */ = {isa = PBXBuildFile; fileRef = 52FED2542C4D0E1700AAF16B /* ConfirmPresenter.swift */; };
		52FED25A2C4D0E1700AAF16B /* ConfirmViewController.swift in Sources */ = {isa = PBXBuildFile; fileRef = 52FED2562C4D0E1700AAF16B /* ConfirmViewController.swift */; };
		52FED25B2C4D0E1700AAF16B /* ConfirmAssembly.swift in Sources */ = {isa = PBXBuildFile; fileRef = 52FED2572C4D0E1700AAF16B /* ConfirmAssembly.swift */; };
		C70B37831DC02C8053658339 /* Pods_iOSApp.framework in Frameworks */ = {isa = PBXBuildFile; fileRef = F1C0DE74DB99FD4CE6CC47FE /* Pods_iOSApp.framework */; };
/* End PBXBuildFile section */

/* Begin PBXFileReference section */
		520681E22C68D568007ED7E7 /* MainTabBarAssembly.swift */ = {isa = PBXFileReference; lastKnownFileType = sourcecode.swift; path = MainTabBarAssembly.swift; sourceTree = "<group>"; };
		520681E42C6B942F007ED7E7 /* UserModel.swift */ = {isa = PBXFileReference; lastKnownFileType = sourcecode.swift; path = UserModel.swift; sourceTree = "<group>"; };
		520681F12C6CA30B007ED7E7 /* TelegramNumberPresenter.swift */ = {isa = PBXFileReference; lastKnownFileType = sourcecode.swift; path = TelegramNumberPresenter.swift; sourceTree = "<group>"; };
		520681F22C6CA30B007ED7E7 /* TelegramNumberRouter.swift */ = {isa = PBXFileReference; lastKnownFileType = sourcecode.swift; path = TelegramNumberRouter.swift; sourceTree = "<group>"; };
		520681F32C6CA30B007ED7E7 /* TelegramNumberViewController.swift */ = {isa = PBXFileReference; lastKnownFileType = sourcecode.swift; path = TelegramNumberViewController.swift; sourceTree = "<group>"; };
		520681F42C6CA30B007ED7E7 /* TelegramNumberAssembly.swift */ = {isa = PBXFileReference; lastKnownFileType = sourcecode.swift; path = TelegramNumberAssembly.swift; sourceTree = "<group>"; };
		520681FA2C6CA786007ED7E7 /* TelegramCodePresenter.swift */ = {isa = PBXFileReference; lastKnownFileType = sourcecode.swift; path = TelegramCodePresenter.swift; sourceTree = "<group>"; };
		520681FB2C6CA786007ED7E7 /* TelegramCodeRouter.swift */ = {isa = PBXFileReference; lastKnownFileType = sourcecode.swift; path = TelegramCodeRouter.swift; sourceTree = "<group>"; };
		520681FC2C6CA786007ED7E7 /* TelegramCodeViewController.swift */ = {isa = PBXFileReference; lastKnownFileType = sourcecode.swift; path = TelegramCodeViewController.swift; sourceTree = "<group>"; };
		520681FD2C6CA786007ED7E7 /* TelegramCodeAssembly.swift */ = {isa = PBXFileReference; lastKnownFileType = sourcecode.swift; path = TelegramCodeAssembly.swift; sourceTree = "<group>"; };
		520682032C6CAA74007ED7E7 /* TelegramPasswordPresenter.swift */ = {isa = PBXFileReference; lastKnownFileType = sourcecode.swift; path = TelegramPasswordPresenter.swift; sourceTree = "<group>"; };
		520682042C6CAA74007ED7E7 /* TelegramPasswordRouter.swift */ = {isa = PBXFileReference; lastKnownFileType = sourcecode.swift; path = TelegramPasswordRouter.swift; sourceTree = "<group>"; };
		520682052C6CAA74007ED7E7 /* TelegramPasswordViewController.swift */ = {isa = PBXFileReference; lastKnownFileType = sourcecode.swift; path = TelegramPasswordViewController.swift; sourceTree = "<group>"; };
		520682062C6CAA74007ED7E7 /* TelegramPasswordAssembly.swift */ = {isa = PBXFileReference; lastKnownFileType = sourcecode.swift; path = TelegramPasswordAssembly.swift; sourceTree = "<group>"; };
		5206820B2C6E2419007ED7E7 /* TelegramAccountModel.swift */ = {isa = PBXFileReference; lastKnownFileType = sourcecode.swift; path = TelegramAccountModel.swift; sourceTree = "<group>"; };
		5206820E2C6F4FFC007ED7E7 /* RepasswordPreviewPresenter.swift */ = {isa = PBXFileReference; lastKnownFileType = sourcecode.swift; path = RepasswordPreviewPresenter.swift; sourceTree = "<group>"; };
		5206820F2C6F4FFC007ED7E7 /* RepasswordPreviewRouter.swift */ = {isa = PBXFileReference; lastKnownFileType = sourcecode.swift; path = RepasswordPreviewRouter.swift; sourceTree = "<group>"; };
		520682102C6F4FFC007ED7E7 /* RepasswordPreviewViewController.swift */ = {isa = PBXFileReference; lastKnownFileType = sourcecode.swift; path = RepasswordPreviewViewController.swift; sourceTree = "<group>"; };
		520682112C6F4FFC007ED7E7 /* RepasswordPreviewAssembly.swift */ = {isa = PBXFileReference; lastKnownFileType = sourcecode.swift; path = RepasswordPreviewAssembly.swift; sourceTree = "<group>"; };
		5206821A2C6FFBB1007ED7E7 /* TelegramAccount+CoreData.swift */ = {isa = PBXFileReference; fileEncoding = 4; lastKnownFileType = sourcecode.swift; path = "TelegramAccount+CoreData.swift"; sourceTree = "<group>"; };
		5240C3262C71EC3E00DF9330 /* UILeafScrollView.swift */ = {isa = PBXFileReference; lastKnownFileType = sourcecode.swift; path = UILeafScrollView.swift; sourceTree = "<group>"; };
		5240C3282C71EC4D00DF9330 /* UILeafScrollViewCell.swift */ = {isa = PBXFileReference; lastKnownFileType = sourcecode.swift; path = UILeafScrollViewCell.swift; sourceTree = "<group>"; };
		5240C32C2C71EF5300DF9330 /* MessagePreviewModel.swift */ = {isa = PBXFileReference; lastKnownFileType = sourcecode.swift; path = MessagePreviewModel.swift; sourceTree = "<group>"; };
		529564F82C62A8F6007E3352 /* CashingRepository.swift */ = {isa = PBXFileReference; lastKnownFileType = sourcecode.swift; path = CashingRepository.swift; sourceTree = "<group>"; };
		529BF9362C4579C1009954D5 /* iOSApp.app */ = {isa = PBXFileReference; explicitFileType = wrapper.application; includeInIndex = 0; path = iOSApp.app; sourceTree = BUILT_PRODUCTS_DIR; };
		529BF9392C4579C1009954D5 /* AppDelegate.swift */ = {isa = PBXFileReference; lastKnownFileType = sourcecode.swift; path = AppDelegate.swift; sourceTree = "<group>"; };
		529BF93B2C4579C1009954D5 /* SceneDelegate.swift */ = {isa = PBXFileReference; lastKnownFileType = sourcecode.swift; path = SceneDelegate.swift; sourceTree = "<group>"; };
		529BF9422C4579C3009954D5 /* Assets.xcassets */ = {isa = PBXFileReference; lastKnownFileType = folder.assetcatalog; path = Assets.xcassets; sourceTree = "<group>"; };
		529BF9452C4579C3009954D5 /* Base */ = {isa = PBXFileReference; lastKnownFileType = file.storyboard; name = Base; path = Base.lproj/LaunchScreen.storyboard; sourceTree = "<group>"; };
		529BF9472C4579C3009954D5 /* Info.plist */ = {isa = PBXFileReference; lastKnownFileType = text.plist.xml; path = Info.plist; sourceTree = "<group>"; };
		529BF9532C458A3B009954D5 /* AppAssembly.swift */ = {isa = PBXFileReference; lastKnownFileType = sourcecode.swift; path = AppAssembly.swift; sourceTree = "<group>"; };
		529BF9552C458A6A009954D5 /* AppCoordinator.swift */ = {isa = PBXFileReference; lastKnownFileType = sourcecode.swift; path = AppCoordinator.swift; sourceTree = "<group>"; };
		529BF95A2C459D3C009954D5 /* LoginPresenter.swift */ = {isa = PBXFileReference; lastKnownFileType = sourcecode.swift; path = LoginPresenter.swift; sourceTree = "<group>"; };
		529BF95B2C459D3C009954D5 /* LoginRouter.swift */ = {isa = PBXFileReference; lastKnownFileType = sourcecode.swift; path = LoginRouter.swift; sourceTree = "<group>"; };
		529BF95C2C459D3C009954D5 /* LoginViewController.swift */ = {isa = PBXFileReference; lastKnownFileType = sourcecode.swift; path = LoginViewController.swift; sourceTree = "<group>"; };
		529BF95D2C459D3C009954D5 /* LoginAssembly.swift */ = {isa = PBXFileReference; lastKnownFileType = sourcecode.swift; path = LoginAssembly.swift; sourceTree = "<group>"; };
		529BF9742C46DBE2009954D5 /* KeychainManager.swift */ = {isa = PBXFileReference; lastKnownFileType = sourcecode.swift; path = KeychainManager.swift; sourceTree = "<group>"; };
		529BF9782C46EAEF009954D5 /* UserDefaultsManager.swift */ = {isa = PBXFileReference; lastKnownFileType = sourcecode.swift; path = UserDefaultsManager.swift; sourceTree = "<group>"; };
		529BF97A2C46F8C7009954D5 /* StringsValidationManager.swift */ = {isa = PBXFileReference; lastKnownFileType = sourcecode.swift; path = StringsValidationManager.swift; sourceTree = "<group>"; };
		529BF97E2C46F9E5009954D5 /* EmailPresenter.swift */ = {isa = PBXFileReference; lastKnownFileType = sourcecode.swift; path = EmailPresenter.swift; sourceTree = "<group>"; };
		529BF97F2C46F9E5009954D5 /* EmailRouter.swift */ = {isa = PBXFileReference; lastKnownFileType = sourcecode.swift; path = EmailRouter.swift; sourceTree = "<group>"; };
		529BF9802C46F9E5009954D5 /* EmailViewController.swift */ = {isa = PBXFileReference; lastKnownFileType = sourcecode.swift; path = EmailViewController.swift; sourceTree = "<group>"; };
		529BF9812C46F9E5009954D5 /* EmailAssembly.swift */ = {isa = PBXFileReference; lastKnownFileType = sourcecode.swift; path = EmailAssembly.swift; sourceTree = "<group>"; };
		529BF9872C46FA0B009954D5 /* PasswordPresenter.swift */ = {isa = PBXFileReference; lastKnownFileType = sourcecode.swift; path = PasswordPresenter.swift; sourceTree = "<group>"; };
		529BF9882C46FA0B009954D5 /* PasswordRouter.swift */ = {isa = PBXFileReference; lastKnownFileType = sourcecode.swift; path = PasswordRouter.swift; sourceTree = "<group>"; };
		529BF9892C46FA0B009954D5 /* PasswordViewController.swift */ = {isa = PBXFileReference; lastKnownFileType = sourcecode.swift; path = PasswordViewController.swift; sourceTree = "<group>"; };
		529BF98A2C46FA0B009954D5 /* PasswordAssembly.swift */ = {isa = PBXFileReference; lastKnownFileType = sourcecode.swift; path = PasswordAssembly.swift; sourceTree = "<group>"; };
		529BF9942C478677009954D5 /* EmailRecPresenter.swift */ = {isa = PBXFileReference; lastKnownFileType = sourcecode.swift; path = EmailRecPresenter.swift; sourceTree = "<group>"; };
		529BF9952C478677009954D5 /* EmailRecRouter.swift */ = {isa = PBXFileReference; lastKnownFileType = sourcecode.swift; path = EmailRecRouter.swift; sourceTree = "<group>"; };
		529BF9962C478677009954D5 /* EmailRecViewController.swift */ = {isa = PBXFileReference; lastKnownFileType = sourcecode.swift; path = EmailRecViewController.swift; sourceTree = "<group>"; };
		529BF9972C478677009954D5 /* EmailRecAssembly.swift */ = {isa = PBXFileReference; lastKnownFileType = sourcecode.swift; path = EmailRecAssembly.swift; sourceTree = "<group>"; };
		529BF9A42C479725009954D5 /* MainTabBarController.swift */ = {isa = PBXFileReference; lastKnownFileType = sourcecode.swift; path = MainTabBarController.swift; sourceTree = "<group>"; };
		529BF9B22C47BAD7009954D5 /* HomePresenter.swift */ = {isa = PBXFileReference; lastKnownFileType = sourcecode.swift; path = HomePresenter.swift; sourceTree = "<group>"; };
		529BF9B32C47BAD7009954D5 /* HomeRouter.swift */ = {isa = PBXFileReference; lastKnownFileType = sourcecode.swift; path = HomeRouter.swift; sourceTree = "<group>"; };
		529BF9B42C47BAD7009954D5 /* HomeViewController.swift */ = {isa = PBXFileReference; lastKnownFileType = sourcecode.swift; path = HomeViewController.swift; sourceTree = "<group>"; };
		529BF9B52C47BAD7009954D5 /* HomeAssembly.swift */ = {isa = PBXFileReference; lastKnownFileType = sourcecode.swift; path = HomeAssembly.swift; sourceTree = "<group>"; };
		529BF9CE2C47BB5F009954D5 /* SettingsPresenter.swift */ = {isa = PBXFileReference; lastKnownFileType = sourcecode.swift; path = SettingsPresenter.swift; sourceTree = "<group>"; };
		529BF9CF2C47BB5F009954D5 /* SettingsRouter.swift */ = {isa = PBXFileReference; lastKnownFileType = sourcecode.swift; path = SettingsRouter.swift; sourceTree = "<group>"; };
		529BF9D02C47BB5F009954D5 /* SettingsViewController.swift */ = {isa = PBXFileReference; lastKnownFileType = sourcecode.swift; path = SettingsViewController.swift; sourceTree = "<group>"; };
		529BF9D12C47BB5F009954D5 /* SettingsAssembly.swift */ = {isa = PBXFileReference; lastKnownFileType = sourcecode.swift; path = SettingsAssembly.swift; sourceTree = "<group>"; };
		52ABB7A52C502FD8004551B5 /* ConfirmRecPresenter.swift */ = {isa = PBXFileReference; lastKnownFileType = sourcecode.swift; path = ConfirmRecPresenter.swift; sourceTree = "<group>"; };
		52ABB7A62C502FD8004551B5 /* ConfirmRecRouter.swift */ = {isa = PBXFileReference; lastKnownFileType = sourcecode.swift; path = ConfirmRecRouter.swift; sourceTree = "<group>"; };
		52ABB7A72C502FD8004551B5 /* ConfirmRecViewController.swift */ = {isa = PBXFileReference; lastKnownFileType = sourcecode.swift; path = ConfirmRecViewController.swift; sourceTree = "<group>"; };
		52ABB7A82C502FD8004551B5 /* ConfirmRecAssembly.swift */ = {isa = PBXFileReference; lastKnownFileType = sourcecode.swift; path = ConfirmRecAssembly.swift; sourceTree = "<group>"; };
		52ABB7AD2C502FE9004551B5 /* NewPasswordRecPresenter.swift */ = {isa = PBXFileReference; lastKnownFileType = sourcecode.swift; path = NewPasswordRecPresenter.swift; sourceTree = "<group>"; };
		52ABB7AE2C502FE9004551B5 /* NewPasswordRecRouter.swift */ = {isa = PBXFileReference; lastKnownFileType = sourcecode.swift; path = NewPasswordRecRouter.swift; sourceTree = "<group>"; };
		52ABB7AF2C502FE9004551B5 /* NewPasswordRecViewController.swift */ = {isa = PBXFileReference; lastKnownFileType = sourcecode.swift; path = NewPasswordRecViewController.swift; sourceTree = "<group>"; };
		52ABB7B02C502FE9004551B5 /* NewPasswordRecAssembly.swift */ = {isa = PBXFileReference; lastKnownFileType = sourcecode.swift; path = NewPasswordRecAssembly.swift; sourceTree = "<group>"; };
		52ABB7F72C553878004551B5 /* AlertFabric.swift */ = {isa = PBXFileReference; lastKnownFileType = sourcecode.swift; path = AlertFabric.swift; sourceTree = "<group>"; };
		52ABB7F92C5642A3004551B5 /* ConfirmRouter.swift */ = {isa = PBXFileReference; lastKnownFileType = sourcecode.swift; path = ConfirmRouter.swift; sourceTree = "<group>"; };
		52B3E81A2C61EB5F00CCCF26 /* CoreDataProtocol.swift */ = {isa = PBXFileReference; lastKnownFileType = sourcecode.swift; path = CoreDataProtocol.swift; sourceTree = "<group>"; };
		52CF74802C5BB20B00E0AA7D /* KeychainStubs.swift */ = {isa = PBXFileReference; lastKnownFileType = sourcecode.swift; path = KeychainStubs.swift; sourceTree = "<group>"; };
		52CF74822C5BB22F00E0AA7D /* KeychainProtocols.swift */ = {isa = PBXFileReference; lastKnownFileType = sourcecode.swift; path = KeychainProtocols.swift; sourceTree = "<group>"; };
		52FAB8C82C620AB5001C6697 /* CoreDataService.swift */ = {isa = PBXFileReference; lastKnownFileType = sourcecode.swift; path = CoreDataService.swift; sourceTree = "<group>"; };
		52FAB8CE2C621524001C6697 /* iOSAppCoreData.xcdatamodel */ = {isa = PBXFileReference; lastKnownFileType = wrapper.xcdatamodel; path = iOSAppCoreData.xcdatamodel; sourceTree = "<group>"; };
		52FED2542C4D0E1700AAF16B /* ConfirmPresenter.swift */ = {isa = PBXFileReference; lastKnownFileType = sourcecode.swift; path = ConfirmPresenter.swift; sourceTree = "<group>"; };
		52FED2562C4D0E1700AAF16B /* ConfirmViewController.swift */ = {isa = PBXFileReference; lastKnownFileType = sourcecode.swift; path = ConfirmViewController.swift; sourceTree = "<group>"; };
		52FED2572C4D0E1700AAF16B /* ConfirmAssembly.swift */ = {isa = PBXFileReference; lastKnownFileType = sourcecode.swift; path = ConfirmAssembly.swift; sourceTree = "<group>"; };
		762DFFC918ED99E25DA5C76B /* Pods-iOSApp.debug.xcconfig */ = {isa = PBXFileReference; includeInIndex = 1; lastKnownFileType = text.xcconfig; name = "Pods-iOSApp.debug.xcconfig"; path = "Target Support Files/Pods-iOSApp/Pods-iOSApp.debug.xcconfig"; sourceTree = "<group>"; };
		81E5498B69CD23AFA4A64A16 /* Pods-iOSApp.release.xcconfig */ = {isa = PBXFileReference; includeInIndex = 1; lastKnownFileType = text.xcconfig; name = "Pods-iOSApp.release.xcconfig"; path = "Target Support Files/Pods-iOSApp/Pods-iOSApp.release.xcconfig"; sourceTree = "<group>"; };
		F1C0DE74DB99FD4CE6CC47FE /* Pods_iOSApp.framework */ = {isa = PBXFileReference; explicitFileType = wrapper.framework; includeInIndex = 0; path = Pods_iOSApp.framework; sourceTree = BUILT_PRODUCTS_DIR; };
/* End PBXFileReference section */

/* Begin PBXFrameworksBuildPhase section */
		529BF9332C4579C1009954D5 /* Frameworks */ = {
			isa = PBXFrameworksBuildPhase;
			buildActionMask = 2147483647;
			files = (
				C70B37831DC02C8053658339 /* Pods_iOSApp.framework in Frameworks */,
			);
			runOnlyForDeploymentPostprocessing = 0;
		};
/* End PBXFrameworksBuildPhase section */

/* Begin PBXGroup section */
		39B60D32B693070949564E8E /* Pods */ = {
			isa = PBXGroup;
			children = (
				762DFFC918ED99E25DA5C76B /* Pods-iOSApp.debug.xcconfig */,
				81E5498B69CD23AFA4A64A16 /* Pods-iOSApp.release.xcconfig */,
			);
			path = Pods;
			sourceTree = "<group>";
		};
		520681B62C665D85007ED7E7 /* TelegramAddedFlow */ = {
			isa = PBXGroup;
			children = (
				520681F02C6CA2FF007ED7E7 /* TelegramNumberModule */,
				520681F92C6CA769007ED7E7 /* TelegrmCodeModule */,
				520682022C6CAA50007ED7E7 /* TelegramPasswordModule */,
			);
			path = TelegramAddedFlow;
			sourceTree = "<group>";
		};
		520681F02C6CA2FF007ED7E7 /* TelegramNumberModule */ = {
			isa = PBXGroup;
			children = (
				520681F32C6CA30B007ED7E7 /* TelegramNumberViewController.swift */,
				520681F12C6CA30B007ED7E7 /* TelegramNumberPresenter.swift */,
				520681F22C6CA30B007ED7E7 /* TelegramNumberRouter.swift */,
				520681F42C6CA30B007ED7E7 /* TelegramNumberAssembly.swift */,
			);
			path = TelegramNumberModule;
			sourceTree = "<group>";
		};
		520681F92C6CA769007ED7E7 /* TelegrmCodeModule */ = {
			isa = PBXGroup;
			children = (
				520681FC2C6CA786007ED7E7 /* TelegramCodeViewController.swift */,
				520681FA2C6CA786007ED7E7 /* TelegramCodePresenter.swift */,
				520681FB2C6CA786007ED7E7 /* TelegramCodeRouter.swift */,
				520681FD2C6CA786007ED7E7 /* TelegramCodeAssembly.swift */,
			);
			path = TelegrmCodeModule;
			sourceTree = "<group>";
		};
		520682022C6CAA50007ED7E7 /* TelegramPasswordModule */ = {
			isa = PBXGroup;
			children = (
				520682052C6CAA74007ED7E7 /* TelegramPasswordViewController.swift */,
				520682032C6CAA74007ED7E7 /* TelegramPasswordPresenter.swift */,
				520682042C6CAA74007ED7E7 /* TelegramPasswordRouter.swift */,
				520682062C6CAA74007ED7E7 /* TelegramPasswordAssembly.swift */,
			);
			path = TelegramPasswordModule;
			sourceTree = "<group>";
		};
		5206820D2C6F4F69007ED7E7 /* RepasswordPreviewModule */ = {
			isa = PBXGroup;
			children = (
				520682102C6F4FFC007ED7E7 /* RepasswordPreviewViewController.swift */,
				5206820E2C6F4FFC007ED7E7 /* RepasswordPreviewPresenter.swift */,
				5206820F2C6F4FFC007ED7E7 /* RepasswordPreviewRouter.swift */,
				520682112C6F4FFC007ED7E7 /* RepasswordPreviewAssembly.swift */,
			);
			path = RepasswordPreviewModule;
			sourceTree = "<group>";
		};
		5240C3252C71EC2D00DF9330 /* UILeafScrollView */ = {
			isa = PBXGroup;
			children = (
				5240C3262C71EC3E00DF9330 /* UILeafScrollView.swift */,
				5240C3282C71EC4D00DF9330 /* UILeafScrollViewCell.swift */,
			);
			path = UILeafScrollView;
			sourceTree = "<group>";
		};
		529BF92D2C4579C1009954D5 = {
			isa = PBXGroup;
			children = (
				529BF9382C4579C1009954D5 /* iOSApp */,
				529BF9372C4579C1009954D5 /* Products */,
				39B60D32B693070949564E8E /* Pods */,
				B0B60004AE358ED6972D701A /* Frameworks */,
			);
			sourceTree = "<group>";
		};
		529BF9372C4579C1009954D5 /* Products */ = {
			isa = PBXGroup;
			children = (
				529BF9362C4579C1009954D5 /* iOSApp.app */,
			);
			name = Products;
			sourceTree = "<group>";
		};
		529BF9382C4579C1009954D5 /* iOSApp */ = {
			isa = PBXGroup;
			children = (
				529BF94E2C458746009954D5 /* Application */,
				529BF9622C463E80009954D5 /* DataLayer */,
				52B3E8172C61EB0B00CCCF26 /* ManagersLayer */,
				52ABB7F62C553202004551B5 /* Fabrics */,
				529BF94F2C45874E009954D5 /* Controllers */,
				529BF94D2C458739009954D5 /* SupportingFiles */,
			);
			path = iOSApp;
			sourceTree = "<group>";
		};
		529BF94D2C458739009954D5 /* SupportingFiles */ = {
			isa = PBXGroup;
			children = (
				529BF9422C4579C3009954D5 /* Assets.xcassets */,
				529BF9442C4579C3009954D5 /* LaunchScreen.storyboard */,
				529BF9472C4579C3009954D5 /* Info.plist */,
			);
			path = SupportingFiles;
			sourceTree = "<group>";
		};
		529BF94E2C458746009954D5 /* Application */ = {
			isa = PBXGroup;
			children = (
				529BF9392C4579C1009954D5 /* AppDelegate.swift */,
				529BF93B2C4579C1009954D5 /* SceneDelegate.swift */,
			);
			path = Application;
			sourceTree = "<group>";
		};
		529BF94F2C45874E009954D5 /* Controllers */ = {
			isa = PBXGroup;
			children = (
				529BF9532C458A3B009954D5 /* AppAssembly.swift */,
				529BF9552C458A6A009954D5 /* AppCoordinator.swift */,
				529BF9572C459D01009954D5 /* MainFlow */,
				529BF9582C459D0B009954D5 /* AuthFlow */,
			);
			path = Controllers;
			sourceTree = "<group>";
		};
		529BF9572C459D01009954D5 /* MainFlow */ = {
			isa = PBXGroup;
			children = (
				529BF9A42C479725009954D5 /* MainTabBarController.swift */,
				520681E22C68D568007ED7E7 /* MainTabBarAssembly.swift */,
				529BF9B02C47BA68009954D5 /* Home */,
				529BF9B12C47BA75009954D5 /* Settings */,
			);
			path = MainFlow;
			sourceTree = "<group>";
		};
		529BF9582C459D0B009954D5 /* AuthFlow */ = {
			isa = PBXGroup;
			children = (
				529BF9592C459D24009954D5 /* LoginModule */,
				529BF97C2C46F970009954D5 /* Registration */,
				529BF9912C478644009954D5 /* Recover */,
			);
			path = AuthFlow;
			sourceTree = "<group>";
		};
		529BF9592C459D24009954D5 /* LoginModule */ = {
			isa = PBXGroup;
			children = (
				529BF95C2C459D3C009954D5 /* LoginViewController.swift */,
				529BF95A2C459D3C009954D5 /* LoginPresenter.swift */,
				529BF95B2C459D3C009954D5 /* LoginRouter.swift */,
				529BF95D2C459D3C009954D5 /* LoginAssembly.swift */,
			);
			path = LoginModule;
			sourceTree = "<group>";
		};
		529BF9622C463E80009954D5 /* DataLayer */ = {
			isa = PBXGroup;
			children = (
				52CF74862C5BB24B00E0AA7D /* Storage */,
				52CF74852C5BB23900E0AA7D /* Keychain */,
				52CF748B2C5BB32D00E0AA7D /* UserDefaults */,
			);
			path = DataLayer;
			sourceTree = "<group>";
		};
		529BF97C2C46F970009954D5 /* Registration */ = {
			isa = PBXGroup;
			children = (
				529BF97D2C46F9B5009954D5 /* EmailModule */,
				529BF9862C46F9F3009954D5 /* PasswordModule */,
				52FED2532C4D0DE200AAF16B /* ConfirmModule */,
			);
			path = Registration;
			sourceTree = "<group>";
		};
		529BF97D2C46F9B5009954D5 /* EmailModule */ = {
			isa = PBXGroup;
			children = (
				529BF9802C46F9E5009954D5 /* EmailViewController.swift */,
				529BF97E2C46F9E5009954D5 /* EmailPresenter.swift */,
				529BF97F2C46F9E5009954D5 /* EmailRouter.swift */,
				529BF9812C46F9E5009954D5 /* EmailAssembly.swift */,
			);
			path = EmailModule;
			sourceTree = "<group>";
		};
		529BF9862C46F9F3009954D5 /* PasswordModule */ = {
			isa = PBXGroup;
			children = (
				529BF9892C46FA0B009954D5 /* PasswordViewController.swift */,
				529BF9872C46FA0B009954D5 /* PasswordPresenter.swift */,
				529BF9882C46FA0B009954D5 /* PasswordRouter.swift */,
				529BF98A2C46FA0B009954D5 /* PasswordAssembly.swift */,
			);
			path = PasswordModule;
			sourceTree = "<group>";
		};
		529BF9912C478644009954D5 /* Recover */ = {
			isa = PBXGroup;
			children = (
				529BF9922C478658009954D5 /* EmailRecModule */,
				52ABB7A32C502F45004551B5 /* ConfirmRecModule */,
				52ABB7A42C502F62004551B5 /* NewPasswordRecModule */,
			);
			path = Recover;
			sourceTree = "<group>";
		};
		529BF9922C478658009954D5 /* EmailRecModule */ = {
			isa = PBXGroup;
			children = (
				529BF9962C478677009954D5 /* EmailRecViewController.swift */,
				529BF9942C478677009954D5 /* EmailRecPresenter.swift */,
				529BF9952C478677009954D5 /* EmailRecRouter.swift */,
				529BF9972C478677009954D5 /* EmailRecAssembly.swift */,
			);
			path = EmailRecModule;
			sourceTree = "<group>";
		};
		529BF9B02C47BA68009954D5 /* Home */ = {
			isa = PBXGroup;
			children = (
				529BF9BA2C47BAE0009954D5 /* HomeModule */,
			);
			path = Home;
			sourceTree = "<group>";
		};
		529BF9B12C47BA75009954D5 /* Settings */ = {
			isa = PBXGroup;
			children = (
				529BF9CD2C47BB4F009954D5 /* SettingsModule */,
				5206820D2C6F4F69007ED7E7 /* RepasswordPreviewModule */,
				520681B62C665D85007ED7E7 /* TelegramAddedFlow */,
			);
			path = Settings;
			sourceTree = "<group>";
		};
		529BF9BA2C47BAE0009954D5 /* HomeModule */ = {
			isa = PBXGroup;
			children = (
				529BF9B42C47BAD7009954D5 /* HomeViewController.swift */,
				529BF9B22C47BAD7009954D5 /* HomePresenter.swift */,
				529BF9B32C47BAD7009954D5 /* HomeRouter.swift */,
				529BF9B52C47BAD7009954D5 /* HomeAssembly.swift */,
				5240C32C2C71EF5300DF9330 /* MessagePreviewModel.swift */,
				5240C3252C71EC2D00DF9330 /* UILeafScrollView */,
			);
			path = HomeModule;
			sourceTree = "<group>";
		};
		529BF9CD2C47BB4F009954D5 /* SettingsModule */ = {
			isa = PBXGroup;
			children = (
				529BF9D02C47BB5F009954D5 /* SettingsViewController.swift */,
				529BF9CE2C47BB5F009954D5 /* SettingsPresenter.swift */,
				529BF9CF2C47BB5F009954D5 /* SettingsRouter.swift */,
				529BF9D12C47BB5F009954D5 /* SettingsAssembly.swift */,
				520681E42C6B942F007ED7E7 /* UserModel.swift */,
				5206820B2C6E2419007ED7E7 /* TelegramAccountModel.swift */,
			);
			path = SettingsModule;
			sourceTree = "<group>";
		};
		52ABB7A32C502F45004551B5 /* ConfirmRecModule */ = {
			isa = PBXGroup;
			children = (
				52ABB7A72C502FD8004551B5 /* ConfirmRecViewController.swift */,
				52ABB7A52C502FD8004551B5 /* ConfirmRecPresenter.swift */,
				52ABB7A62C502FD8004551B5 /* ConfirmRecRouter.swift */,
				52ABB7A82C502FD8004551B5 /* ConfirmRecAssembly.swift */,
			);
			path = ConfirmRecModule;
			sourceTree = "<group>";
		};
		52ABB7A42C502F62004551B5 /* NewPasswordRecModule */ = {
			isa = PBXGroup;
			children = (
				52ABB7AF2C502FE9004551B5 /* NewPasswordRecViewController.swift */,
				52ABB7AD2C502FE9004551B5 /* NewPasswordRecPresenter.swift */,
				52ABB7AE2C502FE9004551B5 /* NewPasswordRecRouter.swift */,
				52ABB7B02C502FE9004551B5 /* NewPasswordRecAssembly.swift */,
			);
			path = NewPasswordRecModule;
			sourceTree = "<group>";
		};
		52ABB7F62C553202004551B5 /* Fabrics */ = {
			isa = PBXGroup;
			children = (
				52ABB7F72C553878004551B5 /* AlertFabric.swift */,
			);
			path = Fabrics;
			sourceTree = "<group>";
		};
		52B3E8172C61EB0B00CCCF26 /* ManagersLayer */ = {
			isa = PBXGroup;
			children = (
				529564F82C62A8F6007E3352 /* CashingRepository.swift */,
				529BF97A2C46F8C7009954D5 /* StringsValidationManager.swift */,
			);
			path = ManagersLayer;
			sourceTree = "<group>";
		};
		52B3E8192C61EB4900CCCF26 /* CoreDataModels */ = {
			isa = PBXGroup;
			children = (
				5206821A2C6FFBB1007ED7E7 /* TelegramAccount+CoreData.swift */,
				52FAB8CD2C621524001C6697 /* iOSAppCoreData.xcdatamodeld */,
			);
			path = CoreDataModels;
			sourceTree = "<group>";
		};
		52CF74852C5BB23900E0AA7D /* Keychain */ = {
			isa = PBXGroup;
			children = (
				52CF74822C5BB22F00E0AA7D /* KeychainProtocols.swift */,
				529BF9742C46DBE2009954D5 /* KeychainManager.swift */,
				52CF74802C5BB20B00E0AA7D /* KeychainStubs.swift */,
			);
			path = Keychain;
			sourceTree = "<group>";
		};
		52CF74862C5BB24B00E0AA7D /* Storage */ = {
			isa = PBXGroup;
			children = (
				52B3E81A2C61EB5F00CCCF26 /* CoreDataProtocol.swift */,
				52FAB8C82C620AB5001C6697 /* CoreDataService.swift */,
				52B3E8192C61EB4900CCCF26 /* CoreDataModels */,
			);
			path = Storage;
			sourceTree = "<group>";
		};
		52CF748B2C5BB32D00E0AA7D /* UserDefaults */ = {
			isa = PBXGroup;
			children = (
				529BF9782C46EAEF009954D5 /* UserDefaultsManager.swift */,
			);
			path = UserDefaults;
			sourceTree = "<group>";
		};
		52FED2532C4D0DE200AAF16B /* ConfirmModule */ = {
			isa = PBXGroup;
			children = (
				52FED2562C4D0E1700AAF16B /* ConfirmViewController.swift */,
				52FED2542C4D0E1700AAF16B /* ConfirmPresenter.swift */,
				52ABB7F92C5642A3004551B5 /* ConfirmRouter.swift */,
				52FED2572C4D0E1700AAF16B /* ConfirmAssembly.swift */,
			);
			path = ConfirmModule;
			sourceTree = "<group>";
		};
		B0B60004AE358ED6972D701A /* Frameworks */ = {
			isa = PBXGroup;
			children = (
				F1C0DE74DB99FD4CE6CC47FE /* Pods_iOSApp.framework */,
			);
			name = Frameworks;
			sourceTree = "<group>";
		};
/* End PBXGroup section */

/* Begin PBXNativeTarget section */
		529BF9352C4579C1009954D5 /* iOSApp */ = {
			isa = PBXNativeTarget;
			buildConfigurationList = 529BF94A2C4579C3009954D5 /* Build configuration list for PBXNativeTarget "iOSApp" */;
			buildPhases = (
				42F2625C8215701F4D4BED0E /* [CP] Check Pods Manifest.lock */,
				529BF9322C4579C1009954D5 /* Sources */,
				529BF9332C4579C1009954D5 /* Frameworks */,
				529BF9342C4579C1009954D5 /* Resources */,
				300ABDE8F65101945CD2C757 /* [CP] Embed Pods Frameworks */,
			);
			buildRules = (
			);
			dependencies = (
			);
			name = iOSApp;
			productName = iOSApp;
			productReference = 529BF9362C4579C1009954D5 /* iOSApp.app */;
			productType = "com.apple.product-type.application";
		};
/* End PBXNativeTarget section */

/* Begin PBXProject section */
		529BF92E2C4579C1009954D5 /* Project object */ = {
			isa = PBXProject;
			attributes = {
				BuildIndependentTargetsInParallel = 1;
				LastSwiftUpdateCheck = 1540;
				LastUpgradeCheck = 1540;
				TargetAttributes = {
					529BF9352C4579C1009954D5 = {
						CreatedOnToolsVersion = 15.4;
					};
				};
			};
			buildConfigurationList = 529BF9312C4579C1009954D5 /* Build configuration list for PBXProject "iOSApp" */;
			compatibilityVersion = "Xcode 14.0";
			developmentRegion = en;
			hasScannedForEncodings = 0;
			knownRegions = (
				en,
				Base,
			);
			mainGroup = 529BF92D2C4579C1009954D5;
			productRefGroup = 529BF9372C4579C1009954D5 /* Products */;
			projectDirPath = "";
			projectRoot = "";
			targets = (
				529BF9352C4579C1009954D5 /* iOSApp */,
			);
		};
/* End PBXProject section */

/* Begin PBXResourcesBuildPhase section */
		529BF9342C4579C1009954D5 /* Resources */ = {
			isa = PBXResourcesBuildPhase;
			buildActionMask = 2147483647;
			files = (
				529BF9432C4579C3009954D5 /* Assets.xcassets in Resources */,
				529BF9462C4579C3009954D5 /* Base in Resources */,
			);
			runOnlyForDeploymentPostprocessing = 0;
		};
/* End PBXResourcesBuildPhase section */

/* Begin PBXShellScriptBuildPhase section */
		300ABDE8F65101945CD2C757 /* [CP] Embed Pods Frameworks */ = {
			isa = PBXShellScriptBuildPhase;
			buildActionMask = 2147483647;
			files = (
			);
			inputFileListPaths = (
				"${PODS_ROOT}/Target Support Files/Pods-iOSApp/Pods-iOSApp-frameworks-${CONFIGURATION}-input-files.xcfilelist",
			);
			name = "[CP] Embed Pods Frameworks";
			outputFileListPaths = (
				"${PODS_ROOT}/Target Support Files/Pods-iOSApp/Pods-iOSApp-frameworks-${CONFIGURATION}-output-files.xcfilelist",
			);
			runOnlyForDeploymentPostprocessing = 0;
			shellPath = /bin/sh;
			shellScript = "\"${PODS_ROOT}/Target Support Files/Pods-iOSApp/Pods-iOSApp-frameworks.sh\"\n";
			showEnvVarsInLog = 0;
		};
		42F2625C8215701F4D4BED0E /* [CP] Check Pods Manifest.lock */ = {
			isa = PBXShellScriptBuildPhase;
			buildActionMask = 2147483647;
			files = (
			);
			inputFileListPaths = (
			);
			inputPaths = (
				"${PODS_PODFILE_DIR_PATH}/Podfile.lock",
				"${PODS_ROOT}/Manifest.lock",
			);
			name = "[CP] Check Pods Manifest.lock";
			outputFileListPaths = (
			);
			outputPaths = (
				"$(DERIVED_FILE_DIR)/Pods-iOSApp-checkManifestLockResult.txt",
			);
			runOnlyForDeploymentPostprocessing = 0;
			shellPath = /bin/sh;
			shellScript = "diff \"${PODS_PODFILE_DIR_PATH}/Podfile.lock\" \"${PODS_ROOT}/Manifest.lock\" > /dev/null\nif [ $? != 0 ] ; then\n    # print error to STDERR\n    echo \"error: The sandbox is not in sync with the Podfile.lock. Run 'pod install' or update your CocoaPods installation.\" >&2\n    exit 1\nfi\n# This output is used by Xcode 'outputs' to avoid re-running this script phase.\necho \"SUCCESS\" > \"${SCRIPT_OUTPUT_FILE_0}\"\n";
			showEnvVarsInLog = 0;
		};
/* End PBXShellScriptBuildPhase section */

/* Begin PBXSourcesBuildPhase section */
		529BF9322C4579C1009954D5 /* Sources */ = {
			isa = PBXSourcesBuildPhase;
			buildActionMask = 2147483647;
			files = (
				529BF9542C458A3B009954D5 /* AppAssembly.swift in Sources */,
				529BF9562C458A6B009954D5 /* AppCoordinator.swift in Sources */,
				5206820C2C6E241A007ED7E7 /* TelegramAccountModel.swift in Sources */,
				529BF9792C46EAEF009954D5 /* UserDefaultsManager.swift in Sources */,
				529BF93A2C4579C1009954D5 /* AppDelegate.swift in Sources */,
				529BF95E2C459D3C009954D5 /* LoginPresenter.swift in Sources */,
				529BF98B2C46FA0B009954D5 /* PasswordPresenter.swift in Sources */,
				529BF98C2C46FA0B009954D5 /* PasswordRouter.swift in Sources */,
				529BF98D2C46FA0B009954D5 /* PasswordViewController.swift in Sources */,
				52FED2582C4D0E1700AAF16B /* ConfirmPresenter.swift in Sources */,
				52FED25A2C4D0E1700AAF16B /* ConfirmViewController.swift in Sources */,
				529564F92C62A8F6007E3352 /* CashingRepository.swift in Sources */,
				52FED25B2C4D0E1700AAF16B /* ConfirmAssembly.swift in Sources */,
				5240C32D2C71EF5300DF9330 /* MessagePreviewModel.swift in Sources */,
				520681FE2C6CA786007ED7E7 /* TelegramCodePresenter.swift in Sources */,
				520681FF2C6CA786007ED7E7 /* TelegramCodeRouter.swift in Sources */,
				520682002C6CA786007ED7E7 /* TelegramCodeViewController.swift in Sources */,
				520682012C6CA786007ED7E7 /* TelegramCodeAssembly.swift in Sources */,
				520681E32C68D568007ED7E7 /* MainTabBarAssembly.swift in Sources */,
				529BF9B62C47BAD7009954D5 /* HomePresenter.swift in Sources */,
				529BF9B72C47BAD7009954D5 /* HomeRouter.swift in Sources */,
				529BF9B82C47BAD7009954D5 /* HomeViewController.swift in Sources */,
				529BF9B92C47BAD7009954D5 /* HomeAssembly.swift in Sources */,
				52FAB8C92C620AB5001C6697 /* CoreDataService.swift in Sources */,
				52ABB7B12C502FE9004551B5 /* NewPasswordRecPresenter.swift in Sources */,
				52ABB7B22C502FE9004551B5 /* NewPasswordRecRouter.swift in Sources */,
				52ABB7B32C502FE9004551B5 /* NewPasswordRecViewController.swift in Sources */,
				52ABB7B42C502FE9004551B5 /* NewPasswordRecAssembly.swift in Sources */,
				529BF98E2C46FA0B009954D5 /* PasswordAssembly.swift in Sources */,
				529BF9752C46DBE2009954D5 /* KeychainManager.swift in Sources */,
				529BF9D22C47BB5F009954D5 /* SettingsPresenter.swift in Sources */,
				529BF9D32C47BB5F009954D5 /* SettingsRouter.swift in Sources */,
				52CF74832C5BB22F00E0AA7D /* KeychainProtocols.swift in Sources */,
				52ABB7FA2C5642A3004551B5 /* ConfirmRouter.swift in Sources */,
				5240C3272C71EC3E00DF9330 /* UILeafScrollView.swift in Sources */,
				529BF9D42C47BB5F009954D5 /* SettingsViewController.swift in Sources */,
				52FAB8CF2C621524001C6697 /* iOSAppCoreData.xcdatamodeld in Sources */,
				52B3E81B2C61EB5F00CCCF26 /* CoreDataProtocol.swift in Sources */,
				529BF9D52C47BB5F009954D5 /* SettingsAssembly.swift in Sources */,
				529BF9982C478677009954D5 /* EmailRecPresenter.swift in Sources */,
				52CF74812C5BB20B00E0AA7D /* KeychainStubs.swift in Sources */,
				529BF9992C478677009954D5 /* EmailRecRouter.swift in Sources */,
				520681E52C6B942F007ED7E7 /* UserModel.swift in Sources */,
				529BF99A2C478677009954D5 /* EmailRecViewController.swift in Sources */,
				529BF99B2C478677009954D5 /* EmailRecAssembly.swift in Sources */,
				529BF9822C46F9E5009954D5 /* EmailPresenter.swift in Sources */,
				529BF9A52C479725009954D5 /* MainTabBarController.swift in Sources */,
				529BF9832C46F9E5009954D5 /* EmailRouter.swift in Sources */,
				529BF9842C46F9E5009954D5 /* EmailViewController.swift in Sources */,
				520682122C6F4FFC007ED7E7 /* RepasswordPreviewPresenter.swift in Sources */,
				520682132C6F4FFC007ED7E7 /* RepasswordPreviewRouter.swift in Sources */,
				520682142C6F4FFC007ED7E7 /* RepasswordPreviewViewController.swift in Sources */,
				520682152C6F4FFC007ED7E7 /* RepasswordPreviewAssembly.swift in Sources */,
				529BF9852C46F9E5009954D5 /* EmailAssembly.swift in Sources */,
				529BF95F2C459D3C009954D5 /* LoginRouter.swift in Sources */,
				529BF9602C459D3C009954D5 /* LoginViewController.swift in Sources */,
				520681F52C6CA30C007ED7E7 /* TelegramNumberPresenter.swift in Sources */,
				5240C3292C71EC4D00DF9330 /* UILeafScrollViewCell.swift in Sources */,
				520681F62C6CA30C007ED7E7 /* TelegramNumberRouter.swift in Sources */,
				520681F72C6CA30C007ED7E7 /* TelegramNumberViewController.swift in Sources */,
				520681F82C6CA30C007ED7E7 /* TelegramNumberAssembly.swift in Sources */,
				529BF97B2C46F8C7009954D5 /* StringsValidationManager.swift in Sources */,
				529BF9612C459D3C009954D5 /* LoginAssembly.swift in Sources */,
				5206821B2C6FFBB1007ED7E7 /* TelegramAccount+CoreData.swift in Sources */,
				52ABB7A92C502FD8004551B5 /* ConfirmRecPresenter.swift in Sources */,
				52ABB7AA2C502FD8004551B5 /* ConfirmRecRouter.swift in Sources */,
				52ABB7AB2C502FD8004551B5 /* ConfirmRecViewController.swift in Sources */,
				52ABB7AC2C502FD8004551B5 /* ConfirmRecAssembly.swift in Sources */,
				520682072C6CAA74007ED7E7 /* TelegramPasswordPresenter.swift in Sources */,
				520682082C6CAA74007ED7E7 /* TelegramPasswordRouter.swift in Sources */,
				520682092C6CAA74007ED7E7 /* TelegramPasswordViewController.swift in Sources */,
				5206820A2C6CAA74007ED7E7 /* TelegramPasswordAssembly.swift in Sources */,
				52ABB7F82C553878004551B5 /* AlertFabric.swift in Sources */,
				529BF93C2C4579C1009954D5 /* SceneDelegate.swift in Sources */,
			);
			runOnlyForDeploymentPostprocessing = 0;
		};
/* End PBXSourcesBuildPhase section */

/* Begin PBXVariantGroup section */
		529BF9442C4579C3009954D5 /* LaunchScreen.storyboard */ = {
			isa = PBXVariantGroup;
			children = (
				529BF9452C4579C3009954D5 /* Base */,
			);
			name = LaunchScreen.storyboard;
			sourceTree = "<group>";
		};
/* End PBXVariantGroup section */

/* Begin XCBuildConfiguration section */
		529BF9482C4579C3009954D5 /* Debug */ = {
			isa = XCBuildConfiguration;
			buildSettings = {
				ALWAYS_SEARCH_USER_PATHS = NO;
				ASSETCATALOG_COMPILER_GENERATE_SWIFT_ASSET_SYMBOL_EXTENSIONS = YES;
				CLANG_ANALYZER_NONNULL = YES;
				CLANG_ANALYZER_NUMBER_OBJECT_CONVERSION = YES_AGGRESSIVE;
				CLANG_CXX_LANGUAGE_STANDARD = "gnu++20";
				CLANG_ENABLE_MODULES = YES;
				CLANG_ENABLE_OBJC_ARC = YES;
				CLANG_ENABLE_OBJC_WEAK = YES;
				CLANG_WARN_BLOCK_CAPTURE_AUTORELEASING = YES;
				CLANG_WARN_BOOL_CONVERSION = YES;
				CLANG_WARN_COMMA = YES;
				CLANG_WARN_CONSTANT_CONVERSION = YES;
				CLANG_WARN_DEPRECATED_OBJC_IMPLEMENTATIONS = YES;
				CLANG_WARN_DIRECT_OBJC_ISA_USAGE = YES_ERROR;
				CLANG_WARN_DOCUMENTATION_COMMENTS = YES;
				CLANG_WARN_EMPTY_BODY = YES;
				CLANG_WARN_ENUM_CONVERSION = YES;
				CLANG_WARN_INFINITE_RECURSION = YES;
				CLANG_WARN_INT_CONVERSION = YES;
				CLANG_WARN_NON_LITERAL_NULL_CONVERSION = YES;
				CLANG_WARN_OBJC_IMPLICIT_RETAIN_SELF = YES;
				CLANG_WARN_OBJC_LITERAL_CONVERSION = YES;
				CLANG_WARN_OBJC_ROOT_CLASS = YES_ERROR;
				CLANG_WARN_QUOTED_INCLUDE_IN_FRAMEWORK_HEADER = YES;
				CLANG_WARN_RANGE_LOOP_ANALYSIS = YES;
				CLANG_WARN_STRICT_PROTOTYPES = YES;
				CLANG_WARN_SUSPICIOUS_MOVE = YES;
				CLANG_WARN_UNGUARDED_AVAILABILITY = YES_AGGRESSIVE;
				CLANG_WARN_UNREACHABLE_CODE = YES;
				CLANG_WARN__DUPLICATE_METHOD_MATCH = YES;
				COPY_PHASE_STRIP = NO;
				DEBUG_INFORMATION_FORMAT = dwarf;
				ENABLE_STRICT_OBJC_MSGSEND = YES;
				ENABLE_TESTABILITY = YES;
				ENABLE_USER_SCRIPT_SANDBOXING = NO;
				GCC_C_LANGUAGE_STANDARD = gnu17;
				GCC_DYNAMIC_NO_PIC = NO;
				GCC_NO_COMMON_BLOCKS = YES;
				GCC_OPTIMIZATION_LEVEL = 0;
				GCC_PREPROCESSOR_DEFINITIONS = (
					"DEBUG=1",
					"$(inherited)",
				);
				GCC_WARN_64_TO_32_BIT_CONVERSION = YES;
				GCC_WARN_ABOUT_RETURN_TYPE = YES_ERROR;
				GCC_WARN_UNDECLARED_SELECTOR = YES;
				GCC_WARN_UNINITIALIZED_AUTOS = YES_AGGRESSIVE;
				GCC_WARN_UNUSED_FUNCTION = YES;
				GCC_WARN_UNUSED_VARIABLE = YES;
				IPHONEOS_DEPLOYMENT_TARGET = 17.5;
				LOCALIZATION_PREFERS_STRING_CATALOGS = YES;
				MTL_ENABLE_DEBUG_INFO = INCLUDE_SOURCE;
				MTL_FAST_MATH = YES;
				ONLY_ACTIVE_ARCH = YES;
				SDKROOT = iphoneos;
				SWIFT_ACTIVE_COMPILATION_CONDITIONS = "DEBUG $(inherited)";
				SWIFT_OPTIMIZATION_LEVEL = "-Onone";
			};
			name = Debug;
		};
		529BF9492C4579C3009954D5 /* Release */ = {
			isa = XCBuildConfiguration;
			buildSettings = {
				ALWAYS_SEARCH_USER_PATHS = NO;
				ASSETCATALOG_COMPILER_GENERATE_SWIFT_ASSET_SYMBOL_EXTENSIONS = YES;
				CLANG_ANALYZER_NONNULL = YES;
				CLANG_ANALYZER_NUMBER_OBJECT_CONVERSION = YES_AGGRESSIVE;
				CLANG_CXX_LANGUAGE_STANDARD = "gnu++20";
				CLANG_ENABLE_MODULES = YES;
				CLANG_ENABLE_OBJC_ARC = YES;
				CLANG_ENABLE_OBJC_WEAK = YES;
				CLANG_WARN_BLOCK_CAPTURE_AUTORELEASING = YES;
				CLANG_WARN_BOOL_CONVERSION = YES;
				CLANG_WARN_COMMA = YES;
				CLANG_WARN_CONSTANT_CONVERSION = YES;
				CLANG_WARN_DEPRECATED_OBJC_IMPLEMENTATIONS = YES;
				CLANG_WARN_DIRECT_OBJC_ISA_USAGE = YES_ERROR;
				CLANG_WARN_DOCUMENTATION_COMMENTS = YES;
				CLANG_WARN_EMPTY_BODY = YES;
				CLANG_WARN_ENUM_CONVERSION = YES;
				CLANG_WARN_INFINITE_RECURSION = YES;
				CLANG_WARN_INT_CONVERSION = YES;
				CLANG_WARN_NON_LITERAL_NULL_CONVERSION = YES;
				CLANG_WARN_OBJC_IMPLICIT_RETAIN_SELF = YES;
				CLANG_WARN_OBJC_LITERAL_CONVERSION = YES;
				CLANG_WARN_OBJC_ROOT_CLASS = YES_ERROR;
				CLANG_WARN_QUOTED_INCLUDE_IN_FRAMEWORK_HEADER = YES;
				CLANG_WARN_RANGE_LOOP_ANALYSIS = YES;
				CLANG_WARN_STRICT_PROTOTYPES = YES;
				CLANG_WARN_SUSPICIOUS_MOVE = YES;
				CLANG_WARN_UNGUARDED_AVAILABILITY = YES_AGGRESSIVE;
				CLANG_WARN_UNREACHABLE_CODE = YES;
				CLANG_WARN__DUPLICATE_METHOD_MATCH = YES;
				COPY_PHASE_STRIP = NO;
				DEBUG_INFORMATION_FORMAT = "dwarf-with-dsym";
				ENABLE_NS_ASSERTIONS = NO;
				ENABLE_STRICT_OBJC_MSGSEND = YES;
				ENABLE_USER_SCRIPT_SANDBOXING = NO;
				GCC_C_LANGUAGE_STANDARD = gnu17;
				GCC_NO_COMMON_BLOCKS = YES;
				GCC_WARN_64_TO_32_BIT_CONVERSION = YES;
				GCC_WARN_ABOUT_RETURN_TYPE = YES_ERROR;
				GCC_WARN_UNDECLARED_SELECTOR = YES;
				GCC_WARN_UNINITIALIZED_AUTOS = YES_AGGRESSIVE;
				GCC_WARN_UNUSED_FUNCTION = YES;
				GCC_WARN_UNUSED_VARIABLE = YES;
				IPHONEOS_DEPLOYMENT_TARGET = 17.5;
				LOCALIZATION_PREFERS_STRING_CATALOGS = YES;
				MTL_ENABLE_DEBUG_INFO = NO;
				MTL_FAST_MATH = YES;
				SDKROOT = iphoneos;
				SWIFT_COMPILATION_MODE = wholemodule;
				VALIDATE_PRODUCT = YES;
			};
			name = Release;
		};
		529BF94B2C4579C3009954D5 /* Debug */ = {
			isa = XCBuildConfiguration;
			baseConfigurationReference = 762DFFC918ED99E25DA5C76B /* Pods-iOSApp.debug.xcconfig */;
			buildSettings = {
				ASSETCATALOG_COMPILER_APPICON_NAME = AppIcon;
				ASSETCATALOG_COMPILER_GLOBAL_ACCENT_COLOR_NAME = AccentColor;
				CODE_SIGN_STYLE = Automatic;
				CURRENT_PROJECT_VERSION = 1;
				DEVELOPMENT_TEAM = 8YJ26SYSQ5;
				GENERATE_INFOPLIST_FILE = YES;
				INFOPLIST_FILE = iOSApp/SupportingFiles/Info.plist;
				INFOPLIST_KEY_CFBundleDisplayName = middle;
				INFOPLIST_KEY_UIApplicationSupportsIndirectInputEvents = YES;
				INFOPLIST_KEY_UILaunchStoryboardName = LaunchScreen;
				INFOPLIST_KEY_UISupportedInterfaceOrientations = UIInterfaceOrientationPortrait;
				INFOPLIST_KEY_UISupportedInterfaceOrientations_iPad = "UIInterfaceOrientationLandscapeLeft UIInterfaceOrientationLandscapeRight UIInterfaceOrientationPortrait UIInterfaceOrientationPortraitUpsideDown";
				IPHONEOS_DEPLOYMENT_TARGET = 14;
				LD_RUNPATH_SEARCH_PATHS = (
					"$(inherited)",
					"@executable_path/Frameworks",
				);
				MARKETING_VERSION = 1.0;
				PRODUCT_BUNDLE_IDENTIFIER = vanyaluk.iOSApp;
				PRODUCT_NAME = "$(TARGET_NAME)";
				SUPPORTED_PLATFORMS = "iphoneos iphonesimulator";
				SUPPORTS_MACCATALYST = NO;
				SUPPORTS_MAC_DESIGNED_FOR_IPHONE_IPAD = NO;
				SUPPORTS_XR_DESIGNED_FOR_IPHONE_IPAD = NO;
				SWIFT_EMIT_LOC_STRINGS = YES;
				SWIFT_VERSION = 5.0;
				TARGETED_DEVICE_FAMILY = 1;
			};
			name = Debug;
		};
		529BF94C2C4579C3009954D5 /* Release */ = {
			isa = XCBuildConfiguration;
			baseConfigurationReference = 81E5498B69CD23AFA4A64A16 /* Pods-iOSApp.release.xcconfig */;
			buildSettings = {
				ASSETCATALOG_COMPILER_APPICON_NAME = AppIcon;
				ASSETCATALOG_COMPILER_GLOBAL_ACCENT_COLOR_NAME = AccentColor;
				CODE_SIGN_STYLE = Automatic;
				CURRENT_PROJECT_VERSION = 1;
				DEVELOPMENT_TEAM = 8YJ26SYSQ5;
				GENERATE_INFOPLIST_FILE = YES;
				INFOPLIST_FILE = iOSApp/SupportingFiles/Info.plist;
				INFOPLIST_KEY_CFBundleDisplayName = middle;
				INFOPLIST_KEY_UIApplicationSupportsIndirectInputEvents = YES;
				INFOPLIST_KEY_UILaunchStoryboardName = LaunchScreen;
				INFOPLIST_KEY_UISupportedInterfaceOrientations = UIInterfaceOrientationPortrait;
				INFOPLIST_KEY_UISupportedInterfaceOrientations_iPad = "UIInterfaceOrientationLandscapeLeft UIInterfaceOrientationLandscapeRight UIInterfaceOrientationPortrait UIInterfaceOrientationPortraitUpsideDown";
				IPHONEOS_DEPLOYMENT_TARGET = 14;
				LD_RUNPATH_SEARCH_PATHS = (
					"$(inherited)",
					"@executable_path/Frameworks",
				);
				MARKETING_VERSION = 1.0;
				PRODUCT_BUNDLE_IDENTIFIER = vanyaluk.iOSApp;
				PRODUCT_NAME = "$(TARGET_NAME)";
				SUPPORTED_PLATFORMS = "iphoneos iphonesimulator";
				SUPPORTS_MACCATALYST = NO;
				SUPPORTS_MAC_DESIGNED_FOR_IPHONE_IPAD = NO;
				SUPPORTS_XR_DESIGNED_FOR_IPHONE_IPAD = NO;
				SWIFT_EMIT_LOC_STRINGS = YES;
				SWIFT_VERSION = 5.0;
				TARGETED_DEVICE_FAMILY = 1;
			};
			name = Release;
		};
/* End XCBuildConfiguration section */

/* Begin XCConfigurationList section */
		529BF9312C4579C1009954D5 /* Build configuration list for PBXProject "iOSApp" */ = {
			isa = XCConfigurationList;
			buildConfigurations = (
				529BF9482C4579C3009954D5 /* Debug */,
				529BF9492C4579C3009954D5 /* Release */,
			);
			defaultConfigurationIsVisible = 0;
			defaultConfigurationName = Release;
		};
		529BF94A2C4579C3009954D5 /* Build configuration list for PBXNativeTarget "iOSApp" */ = {
			isa = XCConfigurationList;
			buildConfigurations = (
				529BF94B2C4579C3009954D5 /* Debug */,
				529BF94C2C4579C3009954D5 /* Release */,
			);
			defaultConfigurationIsVisible = 0;
			defaultConfigurationName = Release;
		};
/* End XCConfigurationList section */

/* Begin XCVersionGroup section */
		52FAB8CD2C621524001C6697 /* iOSAppCoreData.xcdatamodeld */ = {
			isa = XCVersionGroup;
			children = (
				52FAB8CE2C621524001C6697 /* iOSAppCoreData.xcdatamodel */,
			);
			currentVersion = 52FAB8CE2C621524001C6697 /* iOSAppCoreData.xcdatamodel */;
			name = iOSAppCoreData.xcdatamodeld;
			path = /Users/test/Desktop/iOSApp/iOSApp/DataLayer/Storage/CoreDataModels/iOSAppCoreData.xcdatamodeld;
			sourceTree = "<group>";
			versionGroupType = wrapper.xcdatamodel;
		};
/* End XCVersionGroup section */
	};
	rootObject = 529BF92E2C4579C1009954D5 /* Project object */;
}
